
Microsoft Visual Studio Solution File, Format Version 12.00
# Visual Studio Version 16
VisualStudioVersion = 16.0.31105.61
MinimumVisualStudioVersion = 10.0.40219.1
Project("{FAE04EC0-301F-11D3-BF4B-00C04F79EFBC}") = "WinBackgroundWorker", "WinBackgroundWorker\WinBackgroundWorker.csproj", "{36730A48-18AB-4792-89BB-E1272863038C}"
EndProject
Project("{FAE04EC0-301F-11D3-BF4B-00C04F79EFBC}") = "WinAsynchDelegate", "WinAsynchDelegate\WinAsynchDelegate.csproj", "{8A27C3B2-5896-4299-8F53-370932FF19C0}"
EndProject
Project("{FAE04EC0-301F-11D3-BF4B-00C04F79EFBC}") = "WinAsynchMethod", "WinAsynchMethod\WinAsynchMethod.csproj", "{CE3EFD00-D001-4EF4-B6C5-74FE6B4C7187}"
EndProject
Global
	GlobalSection(SolutionConfigurationPlatforms) = preSolution
		Debug|Any CPU = Debug|Any CPU
		Release|Any CPU = Release|Any CPU
	EndGlobalSection
	GlobalSection(ProjectConfigurationPlatforms) = postSolution
		{36730A48-18AB-4792-89BB-E1272863038C}.Debug|Any CPU.ActiveCfg = Debug|Any CPU
		{36730A48-18AB-4792-89BB-E1272863038C}.Debug|Any CPU.Build.0 = Debug|Any CPU
		{36730A48-18AB-4792-89BB-E1272863038C}.Release|Any CPU.ActiveCfg = Release|Any CPU
		{36730A48-18AB-4792-89BB-E1272863038C}.Release|Any CPU.Build.0 = Release|Any CPU
		{8A27C3B2-5896-4299-8F53-370932FF19C0}.Debug|Any CPU.ActiveCfg = Debug|Any CPU
		{8A27C3B2-5896-4299-8F53-370932FF19C0}.Debug|Any CPU.Build.0 = Debug|Any CPU
		{8A27C3B2-5896-4299-8F53-370932FF19C0}.Release|Any CPU.ActiveCfg = Release|Any CPU
		{8A27C3B2-5896-4299-8F53-370932FF19C0}.Release|Any CPU.Build.0 = Release|Any CPU
		{CE3EFD00-D001-4EF4-B6C5-74FE6B4C7187}.Debug|Any CPU.ActiveCfg = Debug|Any CPU
		{CE3EFD00-D001-4EF4-B6C5-74FE6B4C7187}.Debug|Any CPU.Build.0 = Debug|Any CPU
		{CE3EFD00-D001-4EF4-B6C5-74FE6B4C7187}.Release|Any CPU.ActiveCfg = Release|Any CPU
		{CE3EFD00-D001-4EF4-B6C5-74FE6B4C7187}.Release|Any CPU.Build.0 = Release|Any CPU
	EndGlobalSection
	GlobalSection(SolutionProperties) = preSolution
		HideSolutionNode = FALSE
	EndGlobalSection
	GlobalSection(ExtensibilityGlobals) = postSolution
		SolutionGuid = {2A7727F7-5CBF-4237-99FA-8DF99B0F2A98}
	EndGlobalSection
EndGlobal
